<?xml version="1.0" encoding="utf-8"?>
<Project ToolsVersion="4.0" xmlns="http://schemas.microsoft.com/developer/msbuild/2003">
  <ItemGroup>
    <Filter Include="源文件">
      <UniqueIdentifier>{4FC737F1-C7A5-4376-A066-2A32D752A2FF}</UniqueIdentifier>
      <Extensions>cpp;c;cc;cxx;def;odl;idl;hpj;bat;asm;asmx</Extensions>
    </Filter>
    <Filter Include="头文件">
      <UniqueIdentifier>{93995380-89BD-4b04-88EB-625FBE52EBFB}</UniqueIdentifier>
      <Extensions>h;hh;hpp;hxx;hm;inl;inc;ipp;xsd</Extensions>
    </Filter>
    <Filter Include="资源文件">
      <UniqueIdentifier>{67DA6AB6-F800-4c08-8B7A-83BB121AAD01}</UniqueIdentifier>
      <Extensions>rc;ico;cur;bmp;dlg;rc2;rct;bin;rgs;gif;jpg;jpeg;jpe;resx;tiff;tif;png;wav;mfcribbon-ms</Extensions>
    </Filter>
    <Filter Include="源文件\pkg">
      <UniqueIdentifier>{c056a09d-22ae-43eb-b166-b4466def01d3}</UniqueIdentifier>
    </Filter>
    <Filter Include="头文件\pkg">
      <UniqueIdentifier>{f5dbe591-3f7d-4ea7-8fa1-ee2dec668315}</UniqueIdentifier>
    </Filter>
    <Filter Include="源文件\fmt">
      <UniqueIdentifier>{15f22eb8-2f1e-4555-b711-5e0104ffec77}</UniqueIdentifier>
    </Filter>
    <Filter Include="头文件\fmt">
      <UniqueIdentifier>{b74e47b2-3131-4fa4-96e8-ff1471af4eb0}</UniqueIdentifier>
    </Filter>
  </ItemGroup>
  <ItemGroup>
    <ClCompile Include="main.cpp">
      <Filter>源文件</Filter>
    </ClCompile>
    <ClCompile Include="MqttPub.cpp">
      <Filter>源文件</Filter>
    </ClCompile>
    <ClCompile Include="pkg\PkgData.cpp">
      <Filter>源文件\pkg</Filter>
    </ClCompile>
    <ClCompile Include="pkg\PkgHeader.cpp">
      <Filter>源文件\pkg</Filter>
    </ClCompile>
    <ClCompile Include="pkg\PkgPayload.cpp">
      <Filter>源文件\pkg</Filter>
    </ClCompile>
    <ClCompile Include="pkg\PkgTask.cpp">
      <Filter>源文件\pkg</Filter>
    </ClCompile>
    <ClCompile Include="pkg\PkgTaskLooper.cpp">
      <Filter>源文件\pkg</Filter>
    </ClCompile>
    <ClCompile Include="fmt\Common.cpp">
      <Filter>源文件\fmt</Filter>
    </ClCompile>
    <ClCompile Include="fmt\VarLenFmtRo.cpp">
      <Filter>源文件\fmt</Filter>
    </ClCompile>
  </ItemGroup>
  <ItemGroup>
    <ClInclude Include="MqttPub.h">
      <Filter>头文件</Filter>
    </ClInclude>
    <ClInclude Include="pkg\PkgData.h">
      <Filter>头文件\pkg</Filter>
    </ClInclude>
    <ClInclude Include="pkg\PkgHeader.h">
      <Filter>头文件\pkg</Filter>
    </ClInclude>
    <ClInclude Include="pkg\PkgPayload.h">
      <Filter>头文件\pkg</Filter>
    </ClInclude>
    <ClInclude Include="pkg\PkgTask.h">
      <Filter>头文件\pkg</Filter>
    </ClInclude>
    <ClInclude Include="pkg\PkgTaskLooper.h">
      <Filter>头文件\pkg</Filter>
    </ClInclude>
    <ClInclude Include="fmt\Common.h">
      <Filter>头文件\fmt</Filter>
    </ClInclude>
    <ClInclude Include="fmt\MarketInfo.h">
      <Filter>头文件\fmt</Filter>
    </ClInclude>
    <ClInclude Include="fmt\SplitInfo.h">
      <Filter>头文件\fmt</Filter>
    </ClInclude>
    <ClInclude Include="fmt\VarLenFmtRo.h">
      <Filter>头文件\fmt</Filter>
    </ClInclude>
  </ItemGroup>
</Project>